<Solution>
  <Folder Name="/1 - Frameworks &amp; Drivers/">
    <Project Path="1 - Frameworks &amp; Drivers/TechChallenge.Oficina.API/TechChallenge.Oficina.API.csproj" />
    <Project Path="1 - Frameworks &amp; Drivers/TechChallenge.Oficina.DB/TechChallenge.Oficina.DB.csproj" Id="71fe5663-eba3-4094-a2e6-eafa02c7eae3" />
    <Project Path="1 - Frameworks &amp; Drivers/TechChallenge.Oficina.Email/TechChallenge.Oficina.Email.csproj" />
  </Folder>
  <Folder Name="/2 - Interface Adapters/">
    <Project Path="2 - Interface Adapters/TechChallenge.Oficina.Controllers/TechChallenge.Oficina.Controllers.csproj" Id="bb799465-98f2-48ae-9a0a-74f7a928946a" />
  </Folder>
  <Folder Name="/3 - Application Business Rules/">
    <Project Path="3 - Application Business Rules/TechChallenge.Oficina.UseCases/TechChallenge.Oficina.UseCases.csproj" Id="2b019e97-650e-4000-8045-53c2f28db89f" />
  </Folder>
  <Folder Name="/4 - Enterprise Business Rules/">
    <Project Path="4 - Enterprise Business Rules/TechChallenge.Oficina.Entities/TechChallenge.Oficina.Entities.csproj" Id="6b121b56-1305-4206-b1a0-3512618ea6c0" />
  </Folder>
  <Folder Name="/ADR/">
    <File Path="../adr/ADR-001-Arquitetura-em-Camadas.md" />
    <File Path="../adr/ADR-002-DDD-e-Entidades-Ricas.md" />
    <File Path="../adr/ADR-003-Value-Objects-Identificacao.md" />
    <File Path="../adr/ADR-004-Repository-Pattern-e-Persistencia.md" />
    <File Path="../adr/ADR-005-Separacao-Commands-Queries-ViewModels.md" />
    <File Path="../adr/ADR-006-AutoMapper-na-Application.md" />
    <File Path="../adr/ADR-007-EFCore-com-PostgreSQL.md" />
    <File Path="../adr/ADR-008-Swagger-para-API.md" />
    <File Path="../adr/ADR-009-Migracoes-Automaticas-no-Startup.md" />
    <File Path="../adr/ADR-010-Inferencia-Generics-IClienteService.md" />
    <File Path="../adr/ESTRUTURA.md" />
    <File Path="../adr/INDICE.md" />
  </Folder>
  <Folder Name="/Tests/">
    <File Path="../e2e/TechChallenge.Oficina.API.postman_collection.json" />
    <Project Path="Tests/TechChallenge.Oficina.API.Tests/TechChallenge.Oficina.API.Tests.csproj" />
    <Project Path="Tests/TechChallenge.Oficina.UseCases.Tests/TechChallenge.Oficina.UseCases.Tests.csproj" />
    <Project Path="Tests/TechChallenge.Oficina.Controllers.Tests/TechChallenge.Oficina.Controllers.Tests.csproj" Id="62f6c073-70c9-4926-a4b3-f670efda32d0" />
    <Project Path="Tests/TechChallenge.Oficina.Entities.Tests/TechChallenge.Oficina.Entities.Tests.csproj" />
    <Project Path="Tests/TechChallenge.Oficina.DB.Tests/TechChallenge.Oficina.DB.Tests.csproj" />
    <Project Path="Tests/TechChallenge.Oficina.Email.Tests/TechChallenge.Oficina.Email.Tests.csproj" />
    <Project Path="Tests/TechChallenge.Oficina.Integration.Tests/TechChallenge.Oficina.Integration.Tests.csproj" />
  </Folder>
</Solution>

